
Microsoft Visual Studio Solution File, Format Version 12.00
# Visual Studio Version 17
VisualStudioVersion = 17.5.002.0
MinimumVisualStudioVersion = 10.0.40219.1
Project("{9A19103F-16F7-4668-BE54-9A1E7A4F7556}") = "HelloWorldProgram", "HelloWorldProgram\HelloWorldProgram.csproj", "{FD3C4346-837F-41DE-9D49-D132C629FDD1}"
EndProject
Global
	GlobalSection(SolutionConfigurationPlatforms) = preSolution
		Debug|Any CPU = Debug|Any CPU
		Release|Any CPU = Release|Any CPU
	EndGlobalSection
	GlobalSection(ProjectConfigurationPlatforms) = postSolution
		{FD3C4346-837F-41DE-9D49-D132C629FDD1}.Debug|Any CPU.ActiveCfg = Debug|Any CPU
		{FD3C4346-837F-41DE-9D49-D132C629FDD1}.Debug|Any CPU.Build.0 = Debug|Any CPU
		{FD3C4346-837F-41DE-9D49-D132C629FDD1}.Release|Any CPU.ActiveCfg = Release|Any CPU
		{FD3C4346-837F-41DE-9D49-D132C629FDD1}.Release|Any CPU.Build.0 = Release|Any CPU
	EndGlobalSection
	GlobalSection(SolutionProperties) = preSolution
		HideSolutionNode = FALSE
	EndGlobalSection
	GlobalSection(ExtensibilityGlobals) = postSolution
		SolutionGuid = {D1AB3DAA-931D-402A-8201-42518AA556C7}
	EndGlobalSection
EndGlobal
